
Microsoft Visual Studio Solution File, Format Version 12.00
# Visual Studio Version 17
VisualStudioVersion = 17.3.32804.467
MinimumVisualStudioVersion = 10.0.40219.1
Project("{FAE04EC0-301F-11D3-BF4B-00C04F79EFBC}") = "Sept12", "Sept12\Sept12.csproj", "{C121C06D-7939-4D60-8F36-0C22C5F34E54}"
	ProjectSection(ProjectDependencies) = postProject
		{F2D9E17C-DB07-4616-B9EF-A72030DC900E} = {F2D9E17C-DB07-4616-B9EF-A72030DC900E}
	EndProjectSection
EndProject
Project("{FAE04EC0-301F-11D3-BF4B-00C04F79EFBC}") = "ClassLibrary1", "ClassLibrary1\ClassLibrary1.csproj", "{F2D9E17C-DB07-4616-B9EF-A72030DC900E}"
EndProject
Global
	GlobalSection(SolutionConfigurationPlatforms) = preSolution
		Debug|Any CPU = Debug|Any CPU
		Release|Any CPU = Release|Any CPU
	EndGlobalSection
	GlobalSection(ProjectConfigurationPlatforms) = postSolution
		{C121C06D-7939-4D60-8F36-0C22C5F34E54}.Debug|Any CPU.ActiveCfg = Debug|Any CPU
		{C121C06D-7939-4D60-8F36-0C22C5F34E54}.Debug|Any CPU.Build.0 = Debug|Any CPU
		{C121C06D-7939-4D60-8F36-0C22C5F34E54}.Release|Any CPU.ActiveCfg = Release|Any CPU
		{C121C06D-7939-4D60-8F36-0C22C5F34E54}.Release|Any CPU.Build.0 = Release|Any CPU
		{F2D9E17C-DB07-4616-B9EF-A72030DC900E}.Debug|Any CPU.ActiveCfg = Debug|Any CPU
		{F2D9E17C-DB07-4616-B9EF-A72030DC900E}.Debug|Any CPU.Build.0 = Debug|Any CPU
		{F2D9E17C-DB07-4616-B9EF-A72030DC900E}.Release|Any CPU.ActiveCfg = Release|Any CPU
		{F2D9E17C-DB07-4616-B9EF-A72030DC900E}.Release|Any CPU.Build.0 = Release|Any CPU
	EndGlobalSection
	GlobalSection(SolutionProperties) = preSolution
		HideSolutionNode = FALSE
	EndGlobalSection
	GlobalSection(ExtensibilityGlobals) = postSolution
		SolutionGuid = {28E3724F-9A62-4C34-8306-E1E92632CCDA}
	EndGlobalSection
EndGlobal
