
Microsoft Visual Studio Solution File, Format Version 12.00
# Visual Studio Version 17
VisualStudioVersion = 17.3.32804.467
MinimumVisualStudioVersion = 10.0.40219.1
Project("{FAE04EC0-301F-11D3-BF4B-00C04F79EFBC}") = "Bank_CodeFirst", "Bank_CodeFirst\Bank_CodeFirst.csproj", "{B69478F1-4912-4D28-8912-0C140D4DC6AF}"
	ProjectSection(ProjectDependencies) = postProject
		{C1F69832-2F2C-42E6-B7C3-8CC469BE3710} = {C1F69832-2F2C-42E6-B7C3-8CC469BE3710}
	EndProjectSection
EndProject
Project("{FAE04EC0-301F-11D3-BF4B-00C04F79EFBC}") = "DAL_BankLib", "DAL_BankLib\DAL_BankLib.csproj", "{C1F69832-2F2C-42E6-B7C3-8CC469BE3710}"
EndProject
Global
	GlobalSection(SolutionConfigurationPlatforms) = preSolution
		Debug|Any CPU = Debug|Any CPU
		Release|Any CPU = Release|Any CPU
	EndGlobalSection
	GlobalSection(ProjectConfigurationPlatforms) = postSolution
		{B69478F1-4912-4D28-8912-0C140D4DC6AF}.Debug|Any CPU.ActiveCfg = Debug|Any CPU
		{B69478F1-4912-4D28-8912-0C140D4DC6AF}.Debug|Any CPU.Build.0 = Debug|Any CPU
		{B69478F1-4912-4D28-8912-0C140D4DC6AF}.Release|Any CPU.ActiveCfg = Release|Any CPU
		{B69478F1-4912-4D28-8912-0C140D4DC6AF}.Release|Any CPU.Build.0 = Release|Any CPU
		{C1F69832-2F2C-42E6-B7C3-8CC469BE3710}.Debug|Any CPU.ActiveCfg = Debug|Any CPU
		{C1F69832-2F2C-42E6-B7C3-8CC469BE3710}.Debug|Any CPU.Build.0 = Debug|Any CPU
		{C1F69832-2F2C-42E6-B7C3-8CC469BE3710}.Release|Any CPU.ActiveCfg = Release|Any CPU
		{C1F69832-2F2C-42E6-B7C3-8CC469BE3710}.Release|Any CPU.Build.0 = Release|Any CPU
	EndGlobalSection
	GlobalSection(SolutionProperties) = preSolution
		HideSolutionNode = FALSE
	EndGlobalSection
	GlobalSection(ExtensibilityGlobals) = postSolution
		SolutionGuid = {0A0E2D9F-9AC9-43FD-A30E-049FCE278434}
	EndGlobalSection
EndGlobal
